
Microsoft Visual Studio Solution File, Format Version 12.00
# Visual Studio Version 17
VisualStudioVersion = 17.8.34322.80
MinimumVisualStudioVersion = 10.0.40219.1
Project("{FAE04EC0-301F-11D3-BF4B-00C04F79EFBC}") = "MarketManagementSystem", "MarketManagementSystem\MarketManagementSystem.csproj", "{EEE41257-4B38-43AE-A997-830F71BF1F56}"
EndProject
Global
	GlobalSection(SolutionConfigurationPlatforms) = preSolution
		Debug|Any CPU = Debug|Any CPU
		Release|Any CPU = Release|Any CPU
	EndGlobalSection
	GlobalSection(ProjectConfigurationPlatforms) = postSolution
		{EEE41257-4B38-43AE-A997-830F71BF1F56}.Debug|Any CPU.ActiveCfg = Debug|Any CPU
		{EEE41257-4B38-43AE-A997-830F71BF1F56}.Debug|Any CPU.Build.0 = Debug|Any CPU
		{EEE41257-4B38-43AE-A997-830F71BF1F56}.Release|Any CPU.ActiveCfg = Release|Any CPU
		{EEE41257-4B38-43AE-A997-830F71BF1F56}.Release|Any CPU.Build.0 = Release|Any CPU
	EndGlobalSection
	GlobalSection(SolutionProperties) = preSolution
		HideSolutionNode = FALSE
	EndGlobalSection
	GlobalSection(ExtensibilityGlobals) = postSolution
		SolutionGuid = {6619C945-F4B1-4BC8-8D61-1FB72CE7B15A}
	EndGlobalSection
EndGlobal
